<?xml version="1.0" encoding="utf-8"?>
<Project ToolsVersion="4.0" xmlns="http://schemas.microsoft.com/developer/msbuild/2003">
  <ItemGroup>
    <Filter Include="ソース ファイル">
      <UniqueIdentifier>{4FC737F1-C7A5-4376-A066-2A32D752A2FF}</UniqueIdentifier>
      <Extensions>cpp;c;cc;cxx;c++;cppm;ixx;def;odl;idl;hpj;bat;asm;asmx</Extensions>
    </Filter>
    <Filter Include="ヘッダー ファイル">
      <UniqueIdentifier>{93995380-89BD-4b04-88EB-625FBE52EBFB}</UniqueIdentifier>
      <Extensions>h;hh;hpp;hxx;h++;hm;inl;inc;ipp;xsd</Extensions>
    </Filter>
    <Filter Include="シェーダー ファイル">
      <UniqueIdentifier>{316d835e-c6be-41e5-86e7-17c45cd1cd62}</UniqueIdentifier>
    </Filter>
    <Filter Include="ソース ファイル\Debug">
      <UniqueIdentifier>{b40c971e-101e-4ea4-bc5b-984f15af651b}</UniqueIdentifier>
    </Filter>
    <Filter Include="ソース ファイル\Common">
      <UniqueIdentifier>{172898ab-e8c4-41d7-853c-a23b63b5b72b}</UniqueIdentifier>
    </Filter>
    <Filter Include="ソース ファイル\System">
      <UniqueIdentifier>{3af65dab-0f65-436f-8cf0-9680d987330e}</UniqueIdentifier>
    </Filter>
    <Filter Include="ヘッダー ファイル\System">
      <UniqueIdentifier>{fd9f8271-84e7-4cab-80b6-49fff06212c9}</UniqueIdentifier>
    </Filter>
    <Filter Include="ヘッダー ファイル\Common">
      <UniqueIdentifier>{18d3cd50-e814-4366-96f1-09d4cc8af130}</UniqueIdentifier>
    </Filter>
    <Filter Include="ヘッダー ファイル\Debug">
      <UniqueIdentifier>{51c5a1a5-7c62-47ea-b425-582cd0e8119a}</UniqueIdentifier>
    </Filter>
    <Filter Include="3Dフレームワーク">
      <UniqueIdentifier>{1b269d7f-0295-4617-9c0e-1cf8ed5e52b0}</UniqueIdentifier>
    </Filter>
    <Filter Include="3Dフレームワーク\Components">
      <UniqueIdentifier>{afed10f6-0809-43ff-ab2d-9666210c8cf3}</UniqueIdentifier>
    </Filter>
    <Filter Include="3Dフレームワーク\Common">
      <UniqueIdentifier>{6d238e21-a4ea-4c2c-b06a-40168897765a}</UniqueIdentifier>
    </Filter>
    <Filter Include="3Dフレームワーク\System">
      <UniqueIdentifier>{4cfd07e0-80f1-4321-960c-e1c640a7d0be}</UniqueIdentifier>
    </Filter>
    <Filter Include="Test">
      <UniqueIdentifier>{10a80eed-e6d1-4103-a442-1c89f7677c38}</UniqueIdentifier>
    </Filter>
    <Filter Include="ImGui">
      <UniqueIdentifier>{bca3d428-e11d-4e58-8c0e-d0d8ce746547}</UniqueIdentifier>
    </Filter>
    <Filter Include="3Dフレームワーク\Scenes">
      <UniqueIdentifier>{6b73aeb5-90dd-443b-b717-d051455775fa}</UniqueIdentifier>
    </Filter>
    <Filter Include="3Dフレームワーク\Objects">
      <UniqueIdentifier>{240e13a5-0f74-4882-9214-24a8cf71cc75}</UniqueIdentifier>
    </Filter>
    <Filter Include="未整理">
      <UniqueIdentifier>{f168aaa5-13cf-40d5-b6ed-9eec2ebf1f05}</UniqueIdentifier>
    </Filter>
  </ItemGroup>
  <ItemGroup>
    <ClCompile Include="WICTextureLoader11.cpp">
      <Filter>ソース ファイル\System</Filter>
    </ClCompile>
    <ClCompile Include="include\ImGui\imgui.cpp">
      <Filter>ImGui</Filter>
    </ClCompile>
    <ClCompile Include="include\ImGui\imgui_demo.cpp">
      <Filter>ImGui</Filter>
    </ClCompile>
    <ClCompile Include="include\ImGui\imgui_draw.cpp">
      <Filter>ImGui</Filter>
    </ClCompile>
    <ClCompile Include="include\ImGui\imgui_impl_dx11.cpp">
      <Filter>ImGui</Filter>
    </ClCompile>
    <ClCompile Include="include\ImGui\imgui_impl_win32.cpp">
      <Filter>ImGui</Filter>
    </ClCompile>
    <ClCompile Include="include\ImGui\imgui_tables.cpp">
      <Filter>ImGui</Filter>
    </ClCompile>
    <ClCompile Include="include\ImGui\imgui_widgets.cpp">
      <Filter>ImGui</Filter>
    </ClCompile>
    <ClCompile Include="DebugCollisiondraw.cpp">
      <Filter>ソース ファイル\Debug</Filter>
    </ClCompile>
    <ClCompile Include="DebugOstream.cpp">
      <Filter>ソース ファイル\Debug</Filter>
    </ClCompile>
    <ClCompile Include="DebugText.cpp">
      <Filter>ソース ファイル\Debug</Filter>
    </ClCompile>
    <ClCompile Include="Debugger.cpp">
      <Filter>ソース ファイル\Debug</Filter>
    </ClCompile>
    <ClCompile Include="Input.cpp">
      <Filter>3Dフレームワーク\Common</Filter>
    </ClCompile>
    <ClCompile Include="Particle.cpp">
      <Filter>3Dフレームワーク\Common</Filter>
    </ClCompile>
    <ClCompile Include="Audio.cpp">
      <Filter>3Dフレームワーク\Components</Filter>
    </ClCompile>
    <ClCompile Include="ModelRenderer.cpp">
      <Filter>3Dフレームワーク\Components</Filter>
    </ClCompile>
    <ClCompile Include="Box.cpp">
      <Filter>3Dフレームワーク\Objects</Filter>
    </ClCompile>
    <ClCompile Include="Bullet.cpp">
      <Filter>3Dフレームワーク\Objects</Filter>
    </ClCompile>
    <ClCompile Include="Camera.cpp">
      <Filter>3Dフレームワーク\Objects</Filter>
    </ClCompile>
    <ClCompile Include="Enemy.cpp">
      <Filter>3Dフレームワーク\Objects</Filter>
    </ClCompile>
    <ClCompile Include="Explosion.cpp">
      <Filter>3Dフレームワーク\Objects</Filter>
    </ClCompile>
    <ClCompile Include="Field.cpp">
      <Filter>3Dフレームワーク\Objects</Filter>
    </ClCompile>
    <ClCompile Include="Glass.cpp">
      <Filter>3Dフレームワーク\Objects</Filter>
    </ClCompile>
    <ClCompile Include="Player.cpp">
      <Filter>3Dフレームワーク\Objects</Filter>
    </ClCompile>
    <ClCompile Include="Polygon2D.cpp">
      <Filter>3Dフレームワーク\Objects</Filter>
    </ClCompile>
    <ClCompile Include="Score.cpp">
      <Filter>3Dフレームワーク\Objects</Filter>
    </ClCompile>
    <ClCompile Include="Sky.cpp">
      <Filter>3Dフレームワーク\Objects</Filter>
    </ClCompile>
    <ClCompile Include="Tree.cpp">
      <Filter>3Dフレームワーク\Objects</Filter>
    </ClCompile>
    <ClCompile Include="Game.cpp">
      <Filter>3Dフレームワーク\Scenes</Filter>
    </ClCompile>
    <ClCompile Include="Title.cpp">
      <Filter>3Dフレームワーク\Scenes</Filter>
    </ClCompile>
    <ClCompile Include="Result.cpp">
      <Filter>3Dフレームワーク\Scenes</Filter>
    </ClCompile>
    <ClCompile Include="Renderer.cpp">
      <Filter>3Dフレームワーク\System</Filter>
    </ClCompile>
    <ClCompile Include="Manager.cpp">
      <Filter>3Dフレームワーク\System</Filter>
    </ClCompile>
    <ClCompile Include="Animation.cpp">
      <Filter>未整理</Filter>
    </ClCompile>
    <ClCompile Include="Transform.cpp">
      <Filter>未整理</Filter>
    </ClCompile>
    <ClCompile Include="Collision.cpp">
      <Filter>未整理</Filter>
    </ClCompile>
    <ClCompile Include="Cursor.cpp">
      <Filter>未整理</Filter>
    </ClCompile>
    <ClCompile Include="Easing.cpp">
      <Filter>未整理</Filter>
    </ClCompile>
    <ClCompile Include="Direct3D.cpp">
      <Filter>未整理</Filter>
    </ClCompile>
    <ClCompile Include="Fade.cpp">
      <Filter>未整理</Filter>
    </ClCompile>
    <ClCompile Include="Keyboard.cpp">
      <Filter>未整理</Filter>
    </ClCompile>
    <ClCompile Include="KeyLogger.cpp">
      <Filter>未整理</Filter>
    </ClCompile>
    <ClCompile Include="Mouse.cpp">
      <Filter>未整理</Filter>
    </ClCompile>
    <ClCompile Include="Shader2D.cpp">
      <Filter>未整理</Filter>
    </ClCompile>
    <ClCompile Include="Sprite.cpp">
      <Filter>未整理</Filter>
    </ClCompile>
    <ClCompile Include="Test.cpp">
      <Filter>Test</Filter>
    </ClCompile>
    <ClCompile Include="Texture.cpp">
      <Filter>未整理</Filter>
    </ClCompile>
    <ClCompile Include="SystemWindow.cpp">
      <Filter>3Dフレームワーク\System</Filter>
    </ClCompile>
    <ClCompile Include="SystemApp.cpp">
      <Filter>3Dフレームワーク\System</Filter>
    </ClCompile>
    <ClCompile Include="Main.cpp">
      <Filter>3Dフレームワーク\System</Filter>
    </ClCompile>
    <ClCompile Include="SystemTimer.cpp">
      <Filter>3Dフレームワーク\System</Filter>
    </ClCompile>
  </ItemGroup>
  <ItemGroup>
    <ClInclude Include="WICTextureLoader11.h">
      <Filter>ヘッダー ファイル\System</Filter>
    </ClInclude>
    <ClInclude Include="include\ImGui\imconfig.h">
      <Filter>ImGui</Filter>
    </ClInclude>
    <ClInclude Include="include\ImGui\imgui.h">
      <Filter>ImGui</Filter>
    </ClInclude>
    <ClInclude Include="include\ImGui\imgui_impl_dx11.h">
      <Filter>ImGui</Filter>
    </ClInclude>
    <ClInclude Include="include\ImGui\imgui_impl_win32.h">
      <Filter>ImGui</Filter>
    </ClInclude>
    <ClInclude Include="include\ImGui\imgui_internal.h">
      <Filter>ImGui</Filter>
    </ClInclude>
    <ClInclude Include="include\ImGui\imstb_rectpack.h">
      <Filter>ImGui</Filter>
    </ClInclude>
    <ClInclude Include="include\ImGui\imstb_textedit.h">
      <Filter>ImGui</Filter>
    </ClInclude>
    <ClInclude Include="include\ImGui\imstb_truetype.h">
      <Filter>ImGui</Filter>
    </ClInclude>
    <ClInclude Include="SystemWindow.h">
      <Filter>3Dフレームワーク\System</Filter>
    </ClInclude>
    <ClInclude Include="DebugCollisiondraw.h">
      <Filter>ヘッダー ファイル\Debug</Filter>
    </ClInclude>
    <ClInclude Include="DebugMemoryleak.h">
      <Filter>ヘッダー ファイル\Debug</Filter>
    </ClInclude>
    <ClInclude Include="DebugOstream.h">
      <Filter>ヘッダー ファイル\Debug</Filter>
    </ClInclude>
    <ClInclude Include="DebugText.h">
      <Filter>ヘッダー ファイル\Debug</Filter>
    </ClInclude>
    <ClInclude Include="Debugger.h">
      <Filter>ヘッダー ファイル\Debug</Filter>
    </ClInclude>
    <ClInclude Include="Utility.h">
      <Filter>ヘッダー ファイル</Filter>
    </ClInclude>
    <ClInclude Include="Collision3D.h">
      <Filter>3Dフレームワーク\Common</Filter>
    </ClInclude>
    <ClInclude Include="Input.h">
      <Filter>3Dフレームワーク\Common</Filter>
    </ClInclude>
    <ClInclude Include="Particle.h">
      <Filter>3Dフレームワーク\Common</Filter>
    </ClInclude>
    <ClInclude Include="Vector3.h">
      <Filter>3Dフレームワーク\Common</Filter>
    </ClInclude>
    <ClInclude Include="Audio.h">
      <Filter>3Dフレームワーク\Components</Filter>
    </ClInclude>
    <ClInclude Include="Component.h">
      <Filter>3Dフレームワーク\Components</Filter>
    </ClInclude>
    <ClInclude Include="ModelRenderer.h">
      <Filter>3Dフレームワーク\Components</Filter>
    </ClInclude>
    <ClInclude Include="Box.h">
      <Filter>3Dフレームワーク\Objects</Filter>
    </ClInclude>
    <ClInclude Include="Bullet.h">
      <Filter>3Dフレームワーク\Objects</Filter>
    </ClInclude>
    <ClInclude Include="Camera.h">
      <Filter>3Dフレームワーク\Objects</Filter>
    </ClInclude>
    <ClInclude Include="Enemy.h">
      <Filter>3Dフレームワーク\Objects</Filter>
    </ClInclude>
    <ClInclude Include="Explosion.h">
      <Filter>3Dフレームワーク\Objects</Filter>
    </ClInclude>
    <ClInclude Include="Field.h">
      <Filter>3Dフレームワーク\Objects</Filter>
    </ClInclude>
    <ClInclude Include="GameObject.h">
      <Filter>3Dフレームワーク\Objects</Filter>
    </ClInclude>
    <ClInclude Include="Glass.h">
      <Filter>3Dフレームワーク\Objects</Filter>
    </ClInclude>
    <ClInclude Include="Player.h">
      <Filter>3Dフレームワーク\Objects</Filter>
    </ClInclude>
    <ClInclude Include="Polygon2D.h">
      <Filter>3Dフレームワーク\Objects</Filter>
    </ClInclude>
    <ClInclude Include="Score.h">
      <Filter>3Dフレームワーク\Objects</Filter>
    </ClInclude>
    <ClInclude Include="Sky.h">
      <Filter>3Dフレームワーク\Objects</Filter>
    </ClInclude>
    <ClInclude Include="Tree.h">
      <Filter>3Dフレームワーク\Objects</Filter>
    </ClInclude>
    <ClInclude Include="Game.h">
      <Filter>3Dフレームワーク\Scenes</Filter>
    </ClInclude>
    <ClInclude Include="Title.h">
      <Filter>3Dフレームワーク\Scenes</Filter>
    </ClInclude>
    <ClInclude Include="Scene.h">
      <Filter>3Dフレームワーク\Scenes</Filter>
    </ClInclude>
    <ClInclude Include="Result.h">
      <Filter>3Dフレームワーク\Scenes</Filter>
    </ClInclude>
    <ClInclude Include="Renderer.h">
      <Filter>3Dフレームワーク\System</Filter>
    </ClInclude>
    <ClInclude Include="Main.h">
      <Filter>3Dフレームワーク\System</Filter>
    </ClInclude>
    <ClInclude Include="Manager.h">
      <Filter>3Dフレームワーク\System</Filter>
    </ClInclude>
    <ClInclude Include="Animation.h">
      <Filter>未整理</Filter>
    </ClInclude>
    <ClInclude Include="Transform.h">
      <Filter>未整理</Filter>
    </ClInclude>
    <ClInclude Include="Collision.h">
      <Filter>未整理</Filter>
    </ClInclude>
    <ClInclude Include="Cursor.h">
      <Filter>未整理</Filter>
    </ClInclude>
    <ClInclude Include="Easing.h">
      <Filter>未整理</Filter>
    </ClInclude>
    <ClInclude Include="Direct3D.h">
      <Filter>未整理</Filter>
    </ClInclude>
    <ClInclude Include="Fade.h">
      <Filter>未整理</Filter>
    </ClInclude>
    <ClInclude Include="KeyLogger.h">
      <Filter>未整理</Filter>
    </ClInclude>
    <ClInclude Include="Keyboard.h">
      <Filter>未整理</Filter>
    </ClInclude>
    <ClInclude Include="Mouse.h">
      <Filter>未整理</Filter>
    </ClInclude>
    <ClInclude Include="Observer.h">
      <Filter>未整理</Filter>
    </ClInclude>
    <ClInclude Include="Shader2D.h">
      <Filter>未整理</Filter>
    </ClInclude>
    <ClInclude Include="Sprite.h">
      <Filter>未整理</Filter>
    </ClInclude>
    <ClInclude Include="SpriteRenderer.h">
      <Filter>未整理</Filter>
    </ClInclude>
    <ClInclude Include="Subject.h">
      <Filter>未整理</Filter>
    </ClInclude>
    <ClInclude Include="Test.h">
      <Filter>Test</Filter>
    </ClInclude>
    <ClInclude Include="Texture.h">
      <Filter>未整理</Filter>
    </ClInclude>
    <ClInclude Include="Config.h">
      <Filter>ヘッダー ファイル</Filter>
    </ClInclude>
    <ClInclude Include="SystemApp.h">
      <Filter>3Dフレームワーク\System</Filter>
    </ClInclude>
    <ClInclude Include="SystemTimer.h">
      <Filter>3Dフレームワーク\System</Filter>
    </ClInclude>
  </ItemGroup>
  <ItemGroup>
    <FxCompile Include="hlsl\PixelShader2d.hlsl">
      <Filter>シェーダー ファイル</Filter>
    </FxCompile>
    <FxCompile Include="hlsl\unlitTexturePS.hlsl">
      <Filter>シェーダー ファイル</Filter>
    </FxCompile>
    <FxCompile Include="hlsl\unlitTextureVS.hlsl">
      <Filter>シェーダー ファイル</Filter>
    </FxCompile>
    <FxCompile Include="hlsl\VertexShader2d.hlsl">
      <Filter>シェーダー ファイル</Filter>
    </FxCompile>
    <FxCompile Include="hlsl\common.hlsl">
      <Filter>シェーダー ファイル</Filter>
    </FxCompile>
  </ItemGroup>
  <ItemGroup>
    <None Include="include\ImGui\imgui.ini">
      <Filter>ImGui</Filter>
    </None>
  </ItemGroup>
</Project>