<?xml version="1.0" encoding="utf-8"?>
<Project ToolsVersion="4.0" xmlns="http://schemas.microsoft.com/developer/msbuild/2003">
  <ItemGroup>
    <Filter Include="ソース ファイル">
      <UniqueIdentifier>{4FC737F1-C7A5-4376-A066-2A32D752A2FF}</UniqueIdentifier>
      <Extensions>cpp;c;cc;cxx;c++;cppm;ixx;def;odl;idl;hpj;bat;asm;asmx</Extensions>
    </Filter>
    <Filter Include="ヘッダー ファイル">
      <UniqueIdentifier>{93995380-89BD-4b04-88EB-625FBE52EBFB}</UniqueIdentifier>
      <Extensions>h;hh;hpp;hxx;h++;hm;inl;inc;ipp;xsd</Extensions>
    </Filter>
    <Filter Include="シェーダー ファイル">
      <UniqueIdentifier>{316d835e-c6be-41e5-86e7-17c45cd1cd62}</UniqueIdentifier>
    </Filter>
    <Filter Include="ソース ファイル\Debug">
      <UniqueIdentifier>{b40c971e-101e-4ea4-bc5b-984f15af651b}</UniqueIdentifier>
    </Filter>
    <Filter Include="ソース ファイル\Common">
      <UniqueIdentifier>{172898ab-e8c4-41d7-853c-a23b63b5b72b}</UniqueIdentifier>
    </Filter>
    <Filter Include="ソース ファイル\System">
      <UniqueIdentifier>{3af65dab-0f65-436f-8cf0-9680d987330e}</UniqueIdentifier>
    </Filter>
    <Filter Include="ヘッダー ファイル\System">
      <UniqueIdentifier>{fd9f8271-84e7-4cab-80b6-49fff06212c9}</UniqueIdentifier>
    </Filter>
    <Filter Include="ヘッダー ファイル\Common">
      <UniqueIdentifier>{18d3cd50-e814-4366-96f1-09d4cc8af130}</UniqueIdentifier>
    </Filter>
    <Filter Include="ヘッダー ファイル\Debug">
      <UniqueIdentifier>{51c5a1a5-7c62-47ea-b425-582cd0e8119a}</UniqueIdentifier>
    </Filter>
    <Filter Include="3Dフレームワーク">
      <UniqueIdentifier>{1b269d7f-0295-4617-9c0e-1cf8ed5e52b0}</UniqueIdentifier>
    </Filter>
    <Filter Include="3Dフレームワーク\Components">
      <UniqueIdentifier>{afed10f6-0809-43ff-ab2d-9666210c8cf3}</UniqueIdentifier>
    </Filter>
    <Filter Include="3Dフレームワーク\Common">
      <UniqueIdentifier>{6d238e21-a4ea-4c2c-b06a-40168897765a}</UniqueIdentifier>
    </Filter>
    <Filter Include="3Dフレームワーク\System">
      <UniqueIdentifier>{4cfd07e0-80f1-4321-960c-e1c640a7d0be}</UniqueIdentifier>
    </Filter>
    <Filter Include="Test">
      <UniqueIdentifier>{10a80eed-e6d1-4103-a442-1c89f7677c38}</UniqueIdentifier>
    </Filter>
    <Filter Include="ImGui">
      <UniqueIdentifier>{bca3d428-e11d-4e58-8c0e-d0d8ce746547}</UniqueIdentifier>
    </Filter>
    <Filter Include="3Dフレームワーク\Scenes">
      <UniqueIdentifier>{6b73aeb5-90dd-443b-b717-d051455775fa}</UniqueIdentifier>
    </Filter>
    <Filter Include="3Dフレームワーク\Objects">
      <UniqueIdentifier>{240e13a5-0f74-4882-9214-24a8cf71cc75}</UniqueIdentifier>
    </Filter>
  </ItemGroup>
  <ItemGroup>
    <ClCompile Include="direct3d.cpp">
      <Filter>ソース ファイル\System</Filter>
    </ClCompile>
    <ClCompile Include="shader2d.cpp">
      <Filter>ソース ファイル\System</Filter>
    </ClCompile>
    <ClCompile Include="mouse.cpp">
      <Filter>ソース ファイル\System</Filter>
    </ClCompile>
    <ClCompile Include="keyboard.cpp">
      <Filter>ソース ファイル\System</Filter>
    </ClCompile>
    <ClCompile Include="keylogger.cpp">
      <Filter>ソース ファイル\System</Filter>
    </ClCompile>
    <ClCompile Include="animation.cpp">
      <Filter>ソース ファイル\Common</Filter>
    </ClCompile>
    <ClCompile Include="collision.cpp">
      <Filter>ソース ファイル\Common</Filter>
    </ClCompile>
    <ClCompile Include="fade.cpp">
      <Filter>ソース ファイル\Common</Filter>
    </ClCompile>
    <ClCompile Include="systemtimer.cpp">
      <Filter>ソース ファイル\System</Filter>
    </ClCompile>
    <ClCompile Include="sprite.cpp">
      <Filter>ソース ファイル\Common</Filter>
    </ClCompile>
    <ClCompile Include="WICTextureLoader11.cpp">
      <Filter>ソース ファイル\System</Filter>
    </ClCompile>
    <ClCompile Include="texture.cpp">
      <Filter>ソース ファイル\Common</Filter>
    </ClCompile>
    <ClCompile Include="debug_text.cpp">
      <Filter>ソース ファイル\Debug</Filter>
    </ClCompile>
    <ClCompile Include="debug_collisiondraw.cpp">
      <Filter>ソース ファイル\Debug</Filter>
    </ClCompile>
    <ClCompile Include="camera.cpp">
      <Filter>3Dフレームワーク\Objects</Filter>
    </ClCompile>
    <ClCompile Include="field.cpp">
      <Filter>3Dフレームワーク\Objects</Filter>
    </ClCompile>
    <ClCompile Include="player.cpp">
      <Filter>3Dフレームワーク\Objects</Filter>
    </ClCompile>
    <ClCompile Include="polygon2d.cpp">
      <Filter>3Dフレームワーク\Objects</Filter>
    </ClCompile>
    <ClCompile Include="modelRenderer.cpp">
      <Filter>3Dフレームワーク\Components</Filter>
    </ClCompile>
    <ClCompile Include="input.cpp">
      <Filter>3Dフレームワーク\Common</Filter>
    </ClCompile>
    <ClCompile Include="main.cpp">
      <Filter>3Dフレームワーク\System</Filter>
    </ClCompile>
    <ClCompile Include="manager.cpp">
      <Filter>3Dフレームワーク\System</Filter>
    </ClCompile>
    <ClCompile Include="renderer.cpp">
      <Filter>3Dフレームワーク\System</Filter>
    </ClCompile>
    <ClCompile Include="transform.cpp">
      <Filter>3Dフレームワーク\Components</Filter>
    </ClCompile>
    <ClCompile Include="enemy.cpp">
      <Filter>3Dフレームワーク\Objects</Filter>
    </ClCompile>
    <ClCompile Include="bullet.cpp">
      <Filter>3Dフレームワーク\Objects</Filter>
    </ClCompile>
    <ClCompile Include="tree.cpp">
      <Filter>3Dフレームワーク\Objects</Filter>
    </ClCompile>
    <ClCompile Include="debugger.cpp">
      <Filter>ソース ファイル\Debug</Filter>
    </ClCompile>
    <ClCompile Include="cursor.cpp">
      <Filter>ソース ファイル\Common</Filter>
    </ClCompile>
    <ClCompile Include="test.cpp">
      <Filter>Test</Filter>
    </ClCompile>
    <ClCompile Include="include\ImGui\imgui.cpp">
      <Filter>ImGui</Filter>
    </ClCompile>
    <ClCompile Include="include\ImGui\imgui_demo.cpp">
      <Filter>ImGui</Filter>
    </ClCompile>
    <ClCompile Include="include\ImGui\imgui_draw.cpp">
      <Filter>ImGui</Filter>
    </ClCompile>
    <ClCompile Include="include\ImGui\imgui_impl_dx11.cpp">
      <Filter>ImGui</Filter>
    </ClCompile>
    <ClCompile Include="include\ImGui\imgui_impl_win32.cpp">
      <Filter>ImGui</Filter>
    </ClCompile>
    <ClCompile Include="include\ImGui\imgui_tables.cpp">
      <Filter>ImGui</Filter>
    </ClCompile>
    <ClCompile Include="include\ImGui\imgui_widgets.cpp">
      <Filter>ImGui</Filter>
    </ClCompile>
    <ClCompile Include="debug_ostream.cpp">
      <Filter>ソース ファイル\Debug</Filter>
    </ClCompile>
    <ClCompile Include="explosion.cpp">
      <Filter>3Dフレームワーク\Objects</Filter>
    </ClCompile>
    <ClCompile Include="sky.cpp">
      <Filter>3Dフレームワーク\Objects</Filter>
    </ClCompile>
    <ClCompile Include="glass.cpp">
      <Filter>3Dフレームワーク\Objects</Filter>
    </ClCompile>
    <ClCompile Include="box.cpp">
      <Filter>3Dフレームワーク\Objects</Filter>
    </ClCompile>
    <ClCompile Include="particle.cpp">
      <Filter>3Dフレームワーク\Common</Filter>
    </ClCompile>
    <ClCompile Include="game.cpp">
      <Filter>3Dフレームワーク\Scenes</Filter>
    </ClCompile>
    <ClCompile Include="title.cpp">
      <Filter>3Dフレームワーク\Scenes</Filter>
    </ClCompile>
    <ClCompile Include="result.cpp">
      <Filter>3Dフレームワーク\Scenes</Filter>
    </ClCompile>
    <ClCompile Include="score.cpp">
      <Filter>3Dフレームワーク\Objects</Filter>
    </ClCompile>
    <ClCompile Include="audio.cpp">
      <Filter>3Dフレームワーク\Components</Filter>
    </ClCompile>
  </ItemGroup>
  <ItemGroup>
    <ClInclude Include="debug_memoryleak.h">
      <Filter>ヘッダー ファイル\Debug</Filter>
    </ClInclude>
    <ClInclude Include="debug_ostream.h">
      <Filter>ヘッダー ファイル\Debug</Filter>
    </ClInclude>
    <ClInclude Include="debug_text.h">
      <Filter>ヘッダー ファイル\Debug</Filter>
    </ClInclude>
    <ClInclude Include="animation.h">
      <Filter>ヘッダー ファイル\Common</Filter>
    </ClInclude>
    <ClInclude Include="collision.h">
      <Filter>ヘッダー ファイル\Common</Filter>
    </ClInclude>
    <ClInclude Include="direct3d.h">
      <Filter>ヘッダー ファイル\System</Filter>
    </ClInclude>
    <ClInclude Include="fade.h">
      <Filter>ヘッダー ファイル\Common</Filter>
    </ClInclude>
    <ClInclude Include="keyboard.h">
      <Filter>ヘッダー ファイル\System</Filter>
    </ClInclude>
    <ClInclude Include="keylogger.h">
      <Filter>ヘッダー ファイル\System</Filter>
    </ClInclude>
    <ClInclude Include="mouse.h">
      <Filter>ヘッダー ファイル\System</Filter>
    </ClInclude>
    <ClInclude Include="shader2d.h">
      <Filter>ヘッダー ファイル\System</Filter>
    </ClInclude>
    <ClInclude Include="sprite.h">
      <Filter>ヘッダー ファイル\Common</Filter>
    </ClInclude>
    <ClInclude Include="systemtimer.h">
      <Filter>ヘッダー ファイル\System</Filter>
    </ClInclude>
    <ClInclude Include="texture.h">
      <Filter>ヘッダー ファイル\Common</Filter>
    </ClInclude>
    <ClInclude Include="WICTextureLoader11.h">
      <Filter>ヘッダー ファイル\System</Filter>
    </ClInclude>
    <ClInclude Include="debug_collisiondraw.h">
      <Filter>ヘッダー ファイル\Debug</Filter>
    </ClInclude>
    <ClInclude Include="camera.h">
      <Filter>3Dフレームワーク\Objects</Filter>
    </ClInclude>
    <ClInclude Include="field.h">
      <Filter>3Dフレームワーク\Objects</Filter>
    </ClInclude>
    <ClInclude Include="gameobject.h">
      <Filter>3Dフレームワーク\Objects</Filter>
    </ClInclude>
    <ClInclude Include="player.h">
      <Filter>3Dフレームワーク\Objects</Filter>
    </ClInclude>
    <ClInclude Include="polygon2d.h">
      <Filter>3Dフレームワーク\Objects</Filter>
    </ClInclude>
    <ClInclude Include="component.h">
      <Filter>3Dフレームワーク\Components</Filter>
    </ClInclude>
    <ClInclude Include="modelRenderer.h">
      <Filter>3Dフレームワーク\Components</Filter>
    </ClInclude>
    <ClInclude Include="spriteRenderer.h">
      <Filter>3Dフレームワーク\Components</Filter>
    </ClInclude>
    <ClInclude Include="input.h">
      <Filter>3Dフレームワーク\Common</Filter>
    </ClInclude>
    <ClInclude Include="vector3.h">
      <Filter>3Dフレームワーク\Common</Filter>
    </ClInclude>
    <ClInclude Include="main.h">
      <Filter>3Dフレームワーク\System</Filter>
    </ClInclude>
    <ClInclude Include="manager.h">
      <Filter>3Dフレームワーク\System</Filter>
    </ClInclude>
    <ClInclude Include="renderer.h">
      <Filter>3Dフレームワーク\System</Filter>
    </ClInclude>
    <ClInclude Include="enemy.h">
      <Filter>3Dフレームワーク\Objects</Filter>
    </ClInclude>
    <ClInclude Include="transform.h">
      <Filter>3Dフレームワーク\Components</Filter>
    </ClInclude>
    <ClInclude Include="bullet.h">
      <Filter>3Dフレームワーク\Objects</Filter>
    </ClInclude>
    <ClInclude Include="tree.h">
      <Filter>3Dフレームワーク\Objects</Filter>
    </ClInclude>
    <ClInclude Include="debugger.h">
      <Filter>ヘッダー ファイル\Debug</Filter>
    </ClInclude>
    <ClInclude Include="cursor.h">
      <Filter>ヘッダー ファイル\Common</Filter>
    </ClInclude>
    <ClInclude Include="subject.h">
      <Filter>ヘッダー ファイル\Common</Filter>
    </ClInclude>
    <ClInclude Include="observer.h">
      <Filter>ヘッダー ファイル\Common</Filter>
    </ClInclude>
    <ClInclude Include="test.h">
      <Filter>Test</Filter>
    </ClInclude>
    <ClInclude Include="include\ImGui\imconfig.h">
      <Filter>ImGui</Filter>
    </ClInclude>
    <ClInclude Include="include\ImGui\imgui.h">
      <Filter>ImGui</Filter>
    </ClInclude>
    <ClInclude Include="include\ImGui\imgui_impl_dx11.h">
      <Filter>ImGui</Filter>
    </ClInclude>
    <ClInclude Include="include\ImGui\imgui_impl_win32.h">
      <Filter>ImGui</Filter>
    </ClInclude>
    <ClInclude Include="include\ImGui\imgui_internal.h">
      <Filter>ImGui</Filter>
    </ClInclude>
    <ClInclude Include="include\ImGui\imstb_rectpack.h">
      <Filter>ImGui</Filter>
    </ClInclude>
    <ClInclude Include="include\ImGui\imstb_textedit.h">
      <Filter>ImGui</Filter>
    </ClInclude>
    <ClInclude Include="include\ImGui\imstb_truetype.h">
      <Filter>ImGui</Filter>
    </ClInclude>
    <ClInclude Include="explosion.h">
      <Filter>3Dフレームワーク\Objects</Filter>
    </ClInclude>
    <ClInclude Include="sky.h">
      <Filter>3Dフレームワーク\Objects</Filter>
    </ClInclude>
    <ClInclude Include="glass.h">
      <Filter>3Dフレームワーク\Objects</Filter>
    </ClInclude>
    <ClInclude Include="collision3D.h">
      <Filter>3Dフレームワーク\Common</Filter>
    </ClInclude>
    <ClInclude Include="box.h">
      <Filter>3Dフレームワーク\Objects</Filter>
    </ClInclude>
    <ClInclude Include="particle.h">
      <Filter>3Dフレームワーク\Common</Filter>
    </ClInclude>
    <ClInclude Include="game.h">
      <Filter>3Dフレームワーク\Scenes</Filter>
    </ClInclude>
    <ClInclude Include="scene.h">
      <Filter>3Dフレームワーク\Scenes</Filter>
    </ClInclude>
    <ClInclude Include="title.h">
      <Filter>3Dフレームワーク\Scenes</Filter>
    </ClInclude>
    <ClInclude Include="result.h">
      <Filter>3Dフレームワーク\Scenes</Filter>
    </ClInclude>
    <ClInclude Include="score.h">
      <Filter>3Dフレームワーク\Objects</Filter>
    </ClInclude>
    <ClInclude Include="audio.h">
      <Filter>3Dフレームワーク\Components</Filter>
    </ClInclude>
  </ItemGroup>
  <ItemGroup>
    <FxCompile Include="hlsl\PixelShader2d.hlsl">
      <Filter>シェーダー ファイル</Filter>
    </FxCompile>
    <FxCompile Include="hlsl\unlitTexturePS.hlsl">
      <Filter>シェーダー ファイル</Filter>
    </FxCompile>
    <FxCompile Include="hlsl\unlitTextureVS.hlsl">
      <Filter>シェーダー ファイル</Filter>
    </FxCompile>
    <FxCompile Include="hlsl\VertexShader2d.hlsl">
      <Filter>シェーダー ファイル</Filter>
    </FxCompile>
    <FxCompile Include="hlsl\common.hlsl">
      <Filter>シェーダー ファイル</Filter>
    </FxCompile>
  </ItemGroup>
  <ItemGroup>
    <None Include="include\ImGui\imgui.ini">
      <Filter>ImGui</Filter>
    </None>
  </ItemGroup>
</Project>