<?xml version="1.0" encoding="utf-8"?>
<Project ToolsVersion="4.0" xmlns="http://schemas.microsoft.com/developer/msbuild/2003">
  <ItemGroup>
    <Filter Include="旧">
      <UniqueIdentifier>{e431dd55-f196-45cc-a037-7850dc600a48}</UniqueIdentifier>
    </Filter>
    <Filter Include="旧\02_App">
      <UniqueIdentifier>{0018b8ab-874c-4b7d-b792-3655a293171f}</UniqueIdentifier>
    </Filter>
    <Filter Include="旧\02_App\02-1_Scenes">
      <UniqueIdentifier>{6b73aeb5-90dd-443b-b717-d051455775fa}</UniqueIdentifier>
    </Filter>
    <Filter Include="旧\02_App\02-2_Objects">
      <UniqueIdentifier>{240e13a5-0f74-4882-9214-24a8cf71cc75}</UniqueIdentifier>
    </Filter>
    <Filter Include="旧\02_App\02-2_Objects\Game">
      <UniqueIdentifier>{efe4ddf4-de7c-4fe1-93b9-b940a76d159a}</UniqueIdentifier>
    </Filter>
    <Filter Include="旧\02_App\02-2_Objects\Common">
      <UniqueIdentifier>{65fad8cf-3ed9-4ee9-a5cd-6d3c41ea6113}</UniqueIdentifier>
    </Filter>
    <Filter Include="旧\03_HLSL">
      <UniqueIdentifier>{316d835e-c6be-41e5-86e7-17c45cd1cd62}</UniqueIdentifier>
    </Filter>
    <Filter Include="旧\04_External">
      <UniqueIdentifier>{c0578a09-2ea1-405d-8aff-139551c8d192}</UniqueIdentifier>
    </Filter>
    <Filter Include="旧\04_External\ImGui">
      <UniqueIdentifier>{bca3d428-e11d-4e58-8c0e-d0d8ce746547}</UniqueIdentifier>
    </Filter>
    <Filter Include="旧\04_External\stb_vorbis">
      <UniqueIdentifier>{2e2fc489-5292-4054-82d3-e81d9774e35b}</UniqueIdentifier>
    </Filter>
    <Filter Include="旧\04_External\minimp3">
      <UniqueIdentifier>{cdf2c124-6f16-4b29-a8ad-f381264abd07}</UniqueIdentifier>
    </Filter>
    <Filter Include="旧\99_Debug">
      <UniqueIdentifier>{b40c971e-101e-4ea4-bc5b-984f15af651b}</UniqueIdentifier>
    </Filter>
    <Filter Include="core">
      <UniqueIdentifier>{c0466dbd-3fb8-475b-b23e-b5b55a7c915d}</UniqueIdentifier>
    </Filter>
    <Filter Include="utility">
      <UniqueIdentifier>{29ca6017-7cd0-4740-8b3d-e5601b0781bc}</UniqueIdentifier>
    </Filter>
    <Filter Include="app">
      <UniqueIdentifier>{e986f2a7-573f-449b-ae86-121876e48609}</UniqueIdentifier>
    </Filter>
    <Filter Include="components">
      <UniqueIdentifier>{c81873e3-80d2-48ba-bdcf-299c048f9f5d}</UniqueIdentifier>
    </Filter>
    <Filter Include="geometry">
      <UniqueIdentifier>{843345fb-fee1-48f5-a7e3-ed90a3cf7224}</UniqueIdentifier>
    </Filter>
    <Filter Include="importer">
      <UniqueIdentifier>{73f2e3b3-053e-4fb2-b876-86d187bc3a7d}</UniqueIdentifier>
    </Filter>
    <Filter Include="input">
      <UniqueIdentifier>{96dc9509-d045-4611-980e-78dc36e4cc56}</UniqueIdentifier>
    </Filter>
    <Filter Include="math">
      <UniqueIdentifier>{cf46bc58-a380-43a1-933a-4a16a2191100}</UniqueIdentifier>
    </Filter>
    <Filter Include="resource">
      <UniqueIdentifier>{c4e58cd5-908a-4801-a9a1-93b176d1c7f3}</UniqueIdentifier>
    </Filter>
    <Filter Include="resource\animation">
      <UniqueIdentifier>{4d508cf9-5540-4740-9884-b59979506b76}</UniqueIdentifier>
    </Filter>
    <Filter Include="resource\audio">
      <UniqueIdentifier>{c8691e7e-96a2-4615-8fd1-6c2e05a2eaae}</UniqueIdentifier>
    </Filter>
    <Filter Include="resource\font">
      <UniqueIdentifier>{d7756e05-fb6f-4e40-9c5f-12392121a59a}</UniqueIdentifier>
    </Filter>
    <Filter Include="resource\model">
      <UniqueIdentifier>{145a5868-f360-47ab-8213-d8e636058ca9}</UniqueIdentifier>
    </Filter>
    <Filter Include="resource\shader">
      <UniqueIdentifier>{b85ed590-83ea-4f3d-8100-fd036cb4db39}</UniqueIdentifier>
    </Filter>
    <Filter Include="resource\texture">
      <UniqueIdentifier>{8e1dea04-187b-4f90-88ab-e390d36088e5}</UniqueIdentifier>
    </Filter>
    <Filter Include="graphics">
      <UniqueIdentifier>{328dde46-4677-4fee-9aba-95896b091251}</UniqueIdentifier>
    </Filter>
    <Filter Include="graphics\common">
      <UniqueIdentifier>{4eeb8ed7-a280-4ed9-80a5-e6a5dbe1a2bb}</UniqueIdentifier>
    </Filter>
    <Filter Include="graphics\d3d11">
      <UniqueIdentifier>{ee1d97cb-76c1-4719-ae28-ce4feed1f006}</UniqueIdentifier>
    </Filter>
    <Filter Include="graphics\particle">
      <UniqueIdentifier>{62ceec15-d54a-4e3e-945b-878e042f4885}</UniqueIdentifier>
    </Filter>
    <Filter Include="graphics\UI">
      <UniqueIdentifier>{9e697303-ef0d-4925-83df-1d800f24b05e}</UniqueIdentifier>
    </Filter>
  </ItemGroup>
  <ItemGroup>
    <ClCompile Include="sources\02_App\02-1_Scenes\Game.cpp">
      <Filter>旧\02_App\02-1_Scenes</Filter>
    </ClCompile>
    <ClCompile Include="sources\02_App\02-1_Scenes\Result.cpp">
      <Filter>旧\02_App\02-1_Scenes</Filter>
    </ClCompile>
    <ClCompile Include="sources\02_App\02-1_Scenes\Title.cpp">
      <Filter>旧\02_App\02-1_Scenes</Filter>
    </ClCompile>
    <ClCompile Include="sources\04_External\include\ImGui\imgui.cpp">
      <Filter>旧\04_External\ImGui</Filter>
    </ClCompile>
    <ClCompile Include="sources\04_External\include\ImGui\imgui_demo.cpp">
      <Filter>旧\04_External\ImGui</Filter>
    </ClCompile>
    <ClCompile Include="sources\04_External\include\ImGui\imgui_draw.cpp">
      <Filter>旧\04_External\ImGui</Filter>
    </ClCompile>
    <ClCompile Include="sources\04_External\include\ImGui\imgui_impl_dx11.cpp">
      <Filter>旧\04_External\ImGui</Filter>
    </ClCompile>
    <ClCompile Include="sources\04_External\include\ImGui\imgui_impl_win32.cpp">
      <Filter>旧\04_External\ImGui</Filter>
    </ClCompile>
    <ClCompile Include="sources\04_External\include\ImGui\imgui_tables.cpp">
      <Filter>旧\04_External\ImGui</Filter>
    </ClCompile>
    <ClCompile Include="sources\04_External\include\ImGui\imgui_widgets.cpp">
      <Filter>旧\04_External\ImGui</Filter>
    </ClCompile>
    <ClCompile Include="sources\99_Debug\Debugger.cpp">
      <Filter>旧\99_Debug</Filter>
    </ClCompile>
    <ClCompile Include="sources\04_External\include\stb_vorbis\stb_vorbis.c">
      <Filter>旧\04_External\stb_vorbis</Filter>
    </ClCompile>
    <ClCompile Include="sources\02_App\02-2_Objects\Box.cpp">
      <Filter>旧\02_App\02-2_Objects\Game</Filter>
    </ClCompile>
    <ClCompile Include="sources\02_App\02-2_Objects\Bullet.cpp">
      <Filter>旧\02_App\02-2_Objects\Game</Filter>
    </ClCompile>
    <ClCompile Include="sources\02_App\02-2_Objects\Camera.cpp">
      <Filter>旧\02_App\02-2_Objects\Game</Filter>
    </ClCompile>
    <ClCompile Include="sources\02_App\02-2_Objects\Enemy.cpp">
      <Filter>旧\02_App\02-2_Objects\Game</Filter>
    </ClCompile>
    <ClCompile Include="sources\02_App\02-2_Objects\Field.cpp">
      <Filter>旧\02_App\02-2_Objects\Game</Filter>
    </ClCompile>
    <ClCompile Include="sources\02_App\02-2_Objects\Grass.cpp">
      <Filter>旧\02_App\02-2_Objects\Game</Filter>
    </ClCompile>
    <ClCompile Include="sources\02_App\02-2_Objects\Player.cpp">
      <Filter>旧\02_App\02-2_Objects\Game</Filter>
    </ClCompile>
    <ClCompile Include="sources\02_App\02-2_Objects\Score.cpp">
      <Filter>旧\02_App\02-2_Objects\Game</Filter>
    </ClCompile>
    <ClCompile Include="sources\02_App\02-2_Objects\Sky.cpp">
      <Filter>旧\02_App\02-2_Objects\Game</Filter>
    </ClCompile>
    <ClCompile Include="sources\02_App\02-2_Objects\Tree.cpp">
      <Filter>旧\02_App\02-2_Objects\Game</Filter>
    </ClCompile>
    <ClCompile Include="sources\02_App\02-2_Objects\ParticleEmitter..cpp">
      <Filter>旧\02_App\02-2_Objects\Common</Filter>
    </ClCompile>
    <ClCompile Include="sources\02_App\02-2_Objects\MeshField.cpp">
      <Filter>旧\02_App\02-2_Objects\Game</Filter>
    </ClCompile>
    <ClCompile Include="sources\02_App\02-2_Objects\Wave.cpp">
      <Filter>旧\02_App\02-2_Objects\Common</Filter>
    </ClCompile>
    <ClCompile Include="sources\02_App\02-2_Objects\GameObject.cpp">
      <Filter>旧\02_App\02-2_Objects\Common</Filter>
    </ClCompile>
    <ClCompile Include="src\core\AppLoop.cpp">
      <Filter>core</Filter>
    </ClCompile>
    <ClCompile Include="src\core\SystemTimer.cpp">
      <Filter>core</Filter>
    </ClCompile>
    <ClCompile Include="src\core\SystemWindow.cpp">
      <Filter>core</Filter>
    </ClCompile>
    <ClCompile Include="src\utility\Utility.cpp">
      <Filter>utility</Filter>
    </ClCompile>
    <ClCompile Include="src\app\Application.cpp">
      <Filter>app</Filter>
    </ClCompile>
    <ClCompile Include="src\components\Animator.cpp">
      <Filter>components</Filter>
    </ClCompile>
    <ClCompile Include="src\components\AudioPlayer.cpp">
      <Filter>components</Filter>
    </ClCompile>
    <ClCompile Include="src\components\BillboardRenderer.cpp">
      <Filter>components</Filter>
    </ClCompile>
    <ClCompile Include="src\components\GridRenderer.cpp">
      <Filter>components</Filter>
    </ClCompile>
    <ClCompile Include="src\components\ModelRenderer.cpp">
      <Filter>components</Filter>
    </ClCompile>
    <ClCompile Include="src\components\ParticleRenderer.cpp">
      <Filter>components</Filter>
    </ClCompile>
    <ClCompile Include="src\components\Renderer.cpp">
      <Filter>components</Filter>
    </ClCompile>
    <ClCompile Include="src\components\SpriteRenderer.cpp">
      <Filter>components</Filter>
    </ClCompile>
    <ClCompile Include="src\components\TextRenderer.cpp">
      <Filter>components</Filter>
    </ClCompile>
    <ClCompile Include="src\components\Timer.cpp">
      <Filter>components</Filter>
    </ClCompile>
    <ClCompile Include="src\components\UIRenderer.cpp">
      <Filter>components</Filter>
    </ClCompile>
    <ClCompile Include="src\geometry\MeshTypes.cpp">
      <Filter>geometry</Filter>
    </ClCompile>
    <ClCompile Include="src\geometry\Mesh.cpp">
      <Filter>geometry</Filter>
    </ClCompile>
    <ClCompile Include="src\importer\AssimpLoader.cpp">
      <Filter>importer</Filter>
    </ClCompile>
    <ClCompile Include="src\importer\CSVHandler.cpp">
      <Filter>importer</Filter>
    </ClCompile>
    <ClCompile Include="src\importer\FontLoader.cpp">
      <Filter>importer</Filter>
    </ClCompile>
    <ClCompile Include="src\input\Input.cpp">
      <Filter>input</Filter>
    </ClCompile>
    <ClCompile Include="src\math\BezierCurve.cpp">
      <Filter>math</Filter>
    </ClCompile>
    <ClCompile Include="src\math\BoneTransform.cpp">
      <Filter>math</Filter>
    </ClCompile>
    <ClCompile Include="src\math\Easing.cpp">
      <Filter>math</Filter>
    </ClCompile>
    <ClCompile Include="src\math\Transform.cpp">
      <Filter>math</Filter>
    </ClCompile>
    <ClCompile Include="src\resource\animation\Animation.cpp">
      <Filter>resource\animation</Filter>
    </ClCompile>
    <ClCompile Include="src\resource\animation\AnimationManager.cpp">
      <Filter>resource\animation</Filter>
    </ClCompile>
    <ClCompile Include="src\resource\animation\Skeleton.cpp">
      <Filter>resource\animation</Filter>
    </ClCompile>
    <ClCompile Include="src\resource\audio\AudioManager.cpp">
      <Filter>resource\audio</Filter>
    </ClCompile>
    <ClCompile Include="src\resource\font\FontManager.cpp">
      <Filter>resource\font</Filter>
    </ClCompile>
    <ClCompile Include="src\resource\model\Model.cpp">
      <Filter>resource\model</Filter>
    </ClCompile>
    <ClCompile Include="src\resource\model\ModelManager.cpp">
      <Filter>resource\model</Filter>
    </ClCompile>
    <ClCompile Include="src\resource\model\ModelMesh.cpp">
      <Filter>resource\model</Filter>
    </ClCompile>
    <ClCompile Include="src\resource\shader\ShaderManager.cpp">
      <Filter>resource\shader</Filter>
    </ClCompile>
    <ClCompile Include="src\resource\texture\Texture.cpp">
      <Filter>resource\texture</Filter>
    </ClCompile>
    <ClCompile Include="src\resource\texture\TextureManager.cpp">
      <Filter>resource\texture</Filter>
    </ClCompile>
    <ClCompile Include="src\resource\texture\WICTextureLoader11.cpp">
      <Filter>resource\texture</Filter>
    </ClCompile>
    <ClCompile Include="src\graphics\common\Shadow.cpp">
      <Filter>graphics\common</Filter>
    </ClCompile>
    <ClCompile Include="src\graphics\common\Transition.cpp">
      <Filter>graphics\common</Filter>
    </ClCompile>
    <ClCompile Include="src\graphics\d3d11\BufferManager.cpp">
      <Filter>graphics\d3d11</Filter>
    </ClCompile>
    <ClCompile Include="src\graphics\d3d11\DeviceManager.cpp">
      <Filter>graphics\d3d11</Filter>
    </ClCompile>
    <ClCompile Include="src\graphics\d3d11\Graphics.cpp">
      <Filter>graphics\d3d11</Filter>
    </ClCompile>
    <ClCompile Include="src\graphics\particle\Particle.cpp">
      <Filter>graphics\particle</Filter>
    </ClCompile>
    <ClCompile Include="src\graphics\particle\ParticleBase.cpp">
      <Filter>graphics\particle</Filter>
    </ClCompile>
    <ClCompile Include="src\graphics\particle\ParticleBezier.cpp">
      <Filter>graphics\particle</Filter>
    </ClCompile>
    <ClCompile Include="src\graphics\particle\ParticleBox.cpp">
      <Filter>graphics\particle</Filter>
    </ClCompile>
    <ClCompile Include="src\graphics\UI\UICanvas.cpp">
      <Filter>graphics\UI</Filter>
    </ClCompile>
    <ClCompile Include="src\graphics\UI\UIStyle.cpp">
      <Filter>graphics\UI</Filter>
    </ClCompile>
    <ClCompile Include="src\app\Scene.cpp">
      <Filter>app</Filter>
    </ClCompile>
    <ClCompile Include="sources\02_App\02-1_Scenes\AppSetup.cpp">
      <Filter>旧\02_App\02-1_Scenes</Filter>
    </ClCompile>
    <ClCompile Include="sources\02_App\02-1_Scenes\Main.cpp">
      <Filter>旧\02_App\02-1_Scenes</Filter>
    </ClCompile>
  </ItemGroup>
  <ItemGroup>
    <ClInclude Include="sources\02_App\02-1_Scenes\Game.h">
      <Filter>旧\02_App\02-1_Scenes</Filter>
    </ClInclude>
    <ClInclude Include="sources\02_App\02-1_Scenes\Result.h">
      <Filter>旧\02_App\02-1_Scenes</Filter>
    </ClInclude>
    <ClInclude Include="sources\02_App\02-1_Scenes\Title.h">
      <Filter>旧\02_App\02-1_Scenes</Filter>
    </ClInclude>
    <ClInclude Include="sources\04_External\include\ImGui\imconfig.h">
      <Filter>旧\04_External\ImGui</Filter>
    </ClInclude>
    <ClInclude Include="sources\04_External\include\ImGui\imgui.h">
      <Filter>旧\04_External\ImGui</Filter>
    </ClInclude>
    <ClInclude Include="sources\04_External\include\ImGui\imgui_impl_dx11.h">
      <Filter>旧\04_External\ImGui</Filter>
    </ClInclude>
    <ClInclude Include="sources\04_External\include\ImGui\imgui_impl_win32.h">
      <Filter>旧\04_External\ImGui</Filter>
    </ClInclude>
    <ClInclude Include="sources\04_External\include\ImGui\imgui_internal.h">
      <Filter>旧\04_External\ImGui</Filter>
    </ClInclude>
    <ClInclude Include="sources\04_External\include\ImGui\imstb_rectpack.h">
      <Filter>旧\04_External\ImGui</Filter>
    </ClInclude>
    <ClInclude Include="sources\04_External\include\ImGui\imstb_textedit.h">
      <Filter>旧\04_External\ImGui</Filter>
    </ClInclude>
    <ClInclude Include="sources\04_External\include\ImGui\imstb_truetype.h">
      <Filter>旧\04_External\ImGui</Filter>
    </ClInclude>
    <ClInclude Include="sources\99_Debug\Debugger.h">
      <Filter>旧\99_Debug</Filter>
    </ClInclude>
    <ClInclude Include="sources\99_Debug\DebugMemoryleak.h">
      <Filter>旧\99_Debug</Filter>
    </ClInclude>
    <ClInclude Include="sources\04_External\include\minimp3\minimp3.h">
      <Filter>旧\04_External\minimp3</Filter>
    </ClInclude>
    <ClInclude Include="sources\04_External\include\minimp3\minimp3_ex.h">
      <Filter>旧\04_External\minimp3</Filter>
    </ClInclude>
    <ClInclude Include="sources\02_App\02-2_Objects\Box.h">
      <Filter>旧\02_App\02-2_Objects\Game</Filter>
    </ClInclude>
    <ClInclude Include="sources\02_App\02-2_Objects\Bullet.h">
      <Filter>旧\02_App\02-2_Objects\Game</Filter>
    </ClInclude>
    <ClInclude Include="sources\02_App\02-2_Objects\Camera.h">
      <Filter>旧\02_App\02-2_Objects\Game</Filter>
    </ClInclude>
    <ClInclude Include="sources\02_App\02-2_Objects\Enemy.h">
      <Filter>旧\02_App\02-2_Objects\Game</Filter>
    </ClInclude>
    <ClInclude Include="sources\02_App\02-2_Objects\Field.h">
      <Filter>旧\02_App\02-2_Objects\Game</Filter>
    </ClInclude>
    <ClInclude Include="sources\02_App\02-2_Objects\Grass.h">
      <Filter>旧\02_App\02-2_Objects\Game</Filter>
    </ClInclude>
    <ClInclude Include="sources\02_App\02-2_Objects\Player.h">
      <Filter>旧\02_App\02-2_Objects\Game</Filter>
    </ClInclude>
    <ClInclude Include="sources\02_App\02-2_Objects\Score.h">
      <Filter>旧\02_App\02-2_Objects\Game</Filter>
    </ClInclude>
    <ClInclude Include="sources\02_App\02-2_Objects\Sky.h">
      <Filter>旧\02_App\02-2_Objects\Game</Filter>
    </ClInclude>
    <ClInclude Include="sources\02_App\02-2_Objects\Tree.h">
      <Filter>旧\02_App\02-2_Objects\Game</Filter>
    </ClInclude>
    <ClInclude Include="sources\02_App\02-2_Objects\GameObject.h">
      <Filter>旧\02_App\02-2_Objects\Common</Filter>
    </ClInclude>
    <ClInclude Include="sources\02_App\02-2_Objects\ParticleEmitter.h">
      <Filter>旧\02_App\02-2_Objects\Common</Filter>
    </ClInclude>
    <ClInclude Include="sources\02_App\02-2_Objects\MeshField.h">
      <Filter>旧\02_App\02-2_Objects\Game</Filter>
    </ClInclude>
    <ClInclude Include="sources\02_App\02-2_Objects\Wave.h">
      <Filter>旧\02_App\02-2_Objects\Common</Filter>
    </ClInclude>
    <ClInclude Include="src\core\AppLoop.h">
      <Filter>core</Filter>
    </ClInclude>
    <ClInclude Include="src\core\Config.h">
      <Filter>core</Filter>
    </ClInclude>
    <ClInclude Include="src\core\SystemTimer.h">
      <Filter>core</Filter>
    </ClInclude>
    <ClInclude Include="src\core\SystemWindow.h">
      <Filter>core</Filter>
    </ClInclude>
    <ClInclude Include="src\utility\Utility.h">
      <Filter>utility</Filter>
    </ClInclude>
    <ClInclude Include="src\app\Application.h">
      <Filter>app</Filter>
    </ClInclude>
    <ClInclude Include="src\components\Animator.h">
      <Filter>components</Filter>
    </ClInclude>
    <ClInclude Include="src\components\AudioPlayer.h">
      <Filter>components</Filter>
    </ClInclude>
    <ClInclude Include="src\components\BillboardRenderer.h">
      <Filter>components</Filter>
    </ClInclude>
    <ClInclude Include="src\components\Component.h">
      <Filter>components</Filter>
    </ClInclude>
    <ClInclude Include="src\components\GridRenderer.h">
      <Filter>components</Filter>
    </ClInclude>
    <ClInclude Include="src\components\ModelRenderer.h">
      <Filter>components</Filter>
    </ClInclude>
    <ClInclude Include="src\components\ParticleRenderer.h">
      <Filter>components</Filter>
    </ClInclude>
    <ClInclude Include="src\components\Renderer.h">
      <Filter>components</Filter>
    </ClInclude>
    <ClInclude Include="src\components\SpriteRenderer.h">
      <Filter>components</Filter>
    </ClInclude>
    <ClInclude Include="src\components\TextRenderer.h">
      <Filter>components</Filter>
    </ClInclude>
    <ClInclude Include="src\components\Timer.h">
      <Filter>components</Filter>
    </ClInclude>
    <ClInclude Include="src\components\UIRenderer.h">
      <Filter>components</Filter>
    </ClInclude>
    <ClInclude Include="src\geometry\MeshTypes.h">
      <Filter>geometry</Filter>
    </ClInclude>
    <ClInclude Include="src\geometry\Mesh.h">
      <Filter>geometry</Filter>
    </ClInclude>
    <ClInclude Include="src\importer\AssimpLoader.h">
      <Filter>importer</Filter>
    </ClInclude>
    <ClInclude Include="src\importer\CSVHandler.h">
      <Filter>importer</Filter>
    </ClInclude>
    <ClInclude Include="src\importer\FontLoader.h">
      <Filter>importer</Filter>
    </ClInclude>
    <ClInclude Include="src\input\Input.h">
      <Filter>input</Filter>
    </ClInclude>
    <ClInclude Include="src\math\Vector2.h">
      <Filter>math</Filter>
    </ClInclude>
    <ClInclude Include="src\math\Vector3.h">
      <Filter>math</Filter>
    </ClInclude>
    <ClInclude Include="src\math\BezierCurve.h">
      <Filter>math</Filter>
    </ClInclude>
    <ClInclude Include="src\math\BoneTransform.h">
      <Filter>math</Filter>
    </ClInclude>
    <ClInclude Include="src\math\Easing.h">
      <Filter>math</Filter>
    </ClInclude>
    <ClInclude Include="src\math\Quaternion.h">
      <Filter>math</Filter>
    </ClInclude>
    <ClInclude Include="src\math\Transform.h">
      <Filter>math</Filter>
    </ClInclude>
    <ClInclude Include="src\resource\animation\Animation.h">
      <Filter>resource\animation</Filter>
    </ClInclude>
    <ClInclude Include="src\resource\animation\AnimationManager.h">
      <Filter>resource\animation</Filter>
    </ClInclude>
    <ClInclude Include="src\resource\animation\Skeleton.h">
      <Filter>resource\animation</Filter>
    </ClInclude>
    <ClInclude Include="src\resource\audio\Audio.h">
      <Filter>resource\audio</Filter>
    </ClInclude>
    <ClInclude Include="src\resource\audio\AudioManager.h">
      <Filter>resource\audio</Filter>
    </ClInclude>
    <ClInclude Include="src\resource\font\FontManager.h">
      <Filter>resource\font</Filter>
    </ClInclude>
    <ClInclude Include="src\resource\model\Model.h">
      <Filter>resource\model</Filter>
    </ClInclude>
    <ClInclude Include="src\resource\model\ModelManager.h">
      <Filter>resource\model</Filter>
    </ClInclude>
    <ClInclude Include="src\resource\model\ModelMesh.h">
      <Filter>resource\model</Filter>
    </ClInclude>
    <ClInclude Include="src\resource\shader\Shader.h">
      <Filter>resource\shader</Filter>
    </ClInclude>
    <ClInclude Include="src\resource\shader\ShaderManager.h">
      <Filter>resource\shader</Filter>
    </ClInclude>
    <ClInclude Include="src\resource\texture\Texture.h">
      <Filter>resource\texture</Filter>
    </ClInclude>
    <ClInclude Include="src\resource\texture\TextureManager.h">
      <Filter>resource\texture</Filter>
    </ClInclude>
    <ClInclude Include="src\resource\texture\WICTextureLoader11.h">
      <Filter>resource\texture</Filter>
    </ClInclude>
    <ClInclude Include="src\graphics\common\Shadow.h">
      <Filter>graphics\common</Filter>
    </ClInclude>
    <ClInclude Include="src\graphics\common\Transition.h">
      <Filter>graphics\common</Filter>
    </ClInclude>
    <ClInclude Include="src\graphics\d3d11\BufferManager.h">
      <Filter>graphics\d3d11</Filter>
    </ClInclude>
    <ClInclude Include="src\graphics\d3d11\D3D11Config.h">
      <Filter>graphics\d3d11</Filter>
    </ClInclude>
    <ClInclude Include="src\graphics\d3d11\DeviceManager.h">
      <Filter>graphics\d3d11</Filter>
    </ClInclude>
    <ClInclude Include="src\graphics\d3d11\Elements.h">
      <Filter>graphics\d3d11</Filter>
    </ClInclude>
    <ClInclude Include="src\graphics\d3d11\Graphics.h">
      <Filter>graphics\d3d11</Filter>
    </ClInclude>
    <ClInclude Include="src\graphics\particle\Particle.h">
      <Filter>graphics\particle</Filter>
    </ClInclude>
    <ClInclude Include="src\graphics\particle\ParticleBase.h">
      <Filter>graphics\particle</Filter>
    </ClInclude>
    <ClInclude Include="src\graphics\particle\ParticleBezier.h">
      <Filter>graphics\particle</Filter>
    </ClInclude>
    <ClInclude Include="src\graphics\particle\ParticleBox.h">
      <Filter>graphics\particle</Filter>
    </ClInclude>
    <ClInclude Include="src\graphics\UI\UICanvas.h">
      <Filter>graphics\UI</Filter>
    </ClInclude>
    <ClInclude Include="src\graphics\UI\UIStyle.h">
      <Filter>graphics\UI</Filter>
    </ClInclude>
    <ClInclude Include="src\app\Scene.h">
      <Filter>app</Filter>
    </ClInclude>
    <ClInclude Include="sources\02_App\02-1_Scenes\AppSetup.h">
      <Filter>旧\02_App\02-1_Scenes</Filter>
    </ClInclude>
  </ItemGroup>
  <ItemGroup>
    <FxCompile Include="sources\03_HLSL\UnlitPS.hlsl">
      <Filter>旧\03_HLSL</Filter>
    </FxCompile>
    <FxCompile Include="sources\03_HLSL\UnlitVS.hlsl">
      <Filter>旧\03_HLSL</Filter>
    </FxCompile>
    <FxCompile Include="sources\03_HLSL\UISpriteVS.hlsl">
      <Filter>旧\03_HLSL</Filter>
    </FxCompile>
    <FxCompile Include="sources\03_HLSL\FontPS.hlsl">
      <Filter>旧\03_HLSL</Filter>
    </FxCompile>
    <FxCompile Include="sources\03_HLSL\FontOutlinePS.hlsl">
      <Filter>旧\03_HLSL</Filter>
    </FxCompile>
    <FxCompile Include="sources\03_HLSL\Common.hlsl">
      <Filter>旧\03_HLSL</Filter>
    </FxCompile>
  </ItemGroup>
  <ItemGroup>
    <None Include="sources\04_External\include\ImGui\imgui.ini">
      <Filter>旧\04_External\ImGui</Filter>
    </None>
  </ItemGroup>
</Project>