<?xml version="1.0" encoding="utf-8"?>
<Project ToolsVersion="4.0" xmlns="http://schemas.microsoft.com/developer/msbuild/2003">
  <ItemGroup>
    <Filter Include="旧">
      <UniqueIdentifier>{e431dd55-f196-45cc-a037-7850dc600a48}</UniqueIdentifier>
    </Filter>
    <Filter Include="旧\debug">
      <UniqueIdentifier>{b40c971e-101e-4ea4-bc5b-984f15af651b}</UniqueIdentifier>
    </Filter>
    <Filter Include="旧\hlsl">
      <UniqueIdentifier>{316d835e-c6be-41e5-86e7-17c45cd1cd62}</UniqueIdentifier>
    </Filter>
    <Filter Include="旧\setting">
      <UniqueIdentifier>{c308d9ec-61d9-471c-b566-d884c1b7bbb1}</UniqueIdentifier>
    </Filter>
    <Filter Include="旧\scenes">
      <UniqueIdentifier>{a3422ef0-0567-4470-8f84-35d797a397c7}</UniqueIdentifier>
    </Filter>
    <Filter Include="旧\objects">
      <UniqueIdentifier>{c6e431a7-a613-47bd-bf6f-05834441c19e}</UniqueIdentifier>
    </Filter>
  </ItemGroup>
  <ItemGroup>
    <ClCompile Include="src\debug\Debugger.cpp">
      <Filter>旧\debug</Filter>
    </ClCompile>
    <ClCompile Include="src\setting\AppSetup.cpp">
      <Filter>旧\setting</Filter>
    </ClCompile>
    <ClCompile Include="src\setting\Main.cpp">
      <Filter>旧\setting</Filter>
    </ClCompile>
    <ClCompile Include="src\scenes\Game.cpp">
      <Filter>旧\scenes</Filter>
    </ClCompile>
    <ClCompile Include="src\scenes\Result.cpp">
      <Filter>旧\scenes</Filter>
    </ClCompile>
    <ClCompile Include="src\scenes\Title.cpp">
      <Filter>旧\scenes</Filter>
    </ClCompile>
    <ClCompile Include="src\objects\Box.cpp">
      <Filter>旧\objects</Filter>
    </ClCompile>
    <ClCompile Include="src\objects\Bullet.cpp">
      <Filter>旧\objects</Filter>
    </ClCompile>
    <ClCompile Include="src\objects\Enemy.cpp">
      <Filter>旧\objects</Filter>
    </ClCompile>
    <ClCompile Include="src\objects\Field.cpp">
      <Filter>旧\objects</Filter>
    </ClCompile>
    <ClCompile Include="src\objects\Grass.cpp">
      <Filter>旧\objects</Filter>
    </ClCompile>
    <ClCompile Include="src\objects\MeshField.cpp">
      <Filter>旧\objects</Filter>
    </ClCompile>
    <ClCompile Include="src\objects\Player.cpp">
      <Filter>旧\objects</Filter>
    </ClCompile>
    <ClCompile Include="src\objects\Score.cpp">
      <Filter>旧\objects</Filter>
    </ClCompile>
    <ClCompile Include="src\objects\Sky.cpp">
      <Filter>旧\objects</Filter>
    </ClCompile>
    <ClCompile Include="src\objects\Tree.cpp">
      <Filter>旧\objects</Filter>
    </ClCompile>
    <ClCompile Include="src\objects\Wave.cpp">
      <Filter>旧\objects</Filter>
    </ClCompile>
    <ClCompile Include="src\objects\Camera.cpp">
      <Filter>旧\objects</Filter>
    </ClCompile>
  </ItemGroup>
  <ItemGroup>
    <ClInclude Include="src\debug\Debugger.h">
      <Filter>旧\debug</Filter>
    </ClInclude>
    <ClInclude Include="src\setting\AppSetup.h">
      <Filter>旧\setting</Filter>
    </ClInclude>
    <ClInclude Include="src\scenes\Game.h">
      <Filter>旧\scenes</Filter>
    </ClInclude>
    <ClInclude Include="src\scenes\Result.h">
      <Filter>旧\scenes</Filter>
    </ClInclude>
    <ClInclude Include="src\scenes\Title.h">
      <Filter>旧\scenes</Filter>
    </ClInclude>
    <ClInclude Include="src\objects\Box.h">
      <Filter>旧\objects</Filter>
    </ClInclude>
    <ClInclude Include="src\objects\Bullet.h">
      <Filter>旧\objects</Filter>
    </ClInclude>
    <ClInclude Include="src\objects\Enemy.h">
      <Filter>旧\objects</Filter>
    </ClInclude>
    <ClInclude Include="src\objects\Field.h">
      <Filter>旧\objects</Filter>
    </ClInclude>
    <ClInclude Include="src\objects\Grass.h">
      <Filter>旧\objects</Filter>
    </ClInclude>
    <ClInclude Include="src\objects\MeshField.h">
      <Filter>旧\objects</Filter>
    </ClInclude>
    <ClInclude Include="src\objects\Player.h">
      <Filter>旧\objects</Filter>
    </ClInclude>
    <ClInclude Include="src\objects\Score.h">
      <Filter>旧\objects</Filter>
    </ClInclude>
    <ClInclude Include="src\objects\Sky.h">
      <Filter>旧\objects</Filter>
    </ClInclude>
    <ClInclude Include="src\objects\Tree.h">
      <Filter>旧\objects</Filter>
    </ClInclude>
    <ClInclude Include="src\objects\Wave.h">
      <Filter>旧\objects</Filter>
    </ClInclude>
    <ClInclude Include="src\objects\Camera.h">
      <Filter>旧\objects</Filter>
    </ClInclude>
  </ItemGroup>
  <ItemGroup>
    <FxCompile Include="src\hlsl\Common.hlsl">
      <Filter>旧\hlsl</Filter>
    </FxCompile>
    <FxCompile Include="src\hlsl\CookTranceSub.hlsl">
      <Filter>旧\hlsl</Filter>
    </FxCompile>
    <FxCompile Include="src\hlsl\DirectionalPS.hlsl">
      <Filter>旧\hlsl</Filter>
    </FxCompile>
    <FxCompile Include="src\hlsl\DirectionalVS.hlsl">
      <Filter>旧\hlsl</Filter>
    </FxCompile>
    <FxCompile Include="src\hlsl\FontOutlinePS.hlsl">
      <Filter>旧\hlsl</Filter>
    </FxCompile>
    <FxCompile Include="src\hlsl\FontPS.hlsl">
      <Filter>旧\hlsl</Filter>
    </FxCompile>
    <FxCompile Include="src\hlsl\PBRPS.hlsl">
      <Filter>旧\hlsl</Filter>
    </FxCompile>
    <FxCompile Include="src\hlsl\PhongVS.hlsl">
      <Filter>旧\hlsl</Filter>
    </FxCompile>
    <FxCompile Include="src\hlsl\UISpriteVS.hlsl">
      <Filter>旧\hlsl</Filter>
    </FxCompile>
    <FxCompile Include="src\hlsl\UnlitPS.hlsl">
      <Filter>旧\hlsl</Filter>
    </FxCompile>
    <FxCompile Include="src\hlsl\UnlitVS.hlsl">
      <Filter>旧\hlsl</Filter>
    </FxCompile>
  </ItemGroup>
</Project>