<?xml version="1.0" encoding="utf-8"?>
<Project ToolsVersion="4.0" xmlns="http://schemas.microsoft.com/developer/msbuild/2003">
  <ItemGroup>
    <Filter Include="未整理">
      <UniqueIdentifier>{f168aaa5-13cf-40d5-b6ed-9eec2ebf1f05}</UniqueIdentifier>
    </Filter>
    <Filter Include="00_Engine">
      <UniqueIdentifier>{5f9a23a6-f09f-47c5-88c7-f09540b6dbe8}</UniqueIdentifier>
    </Filter>
    <Filter Include="00_Engine\00-1_Core">
      <UniqueIdentifier>{0237132d-6efd-4190-be7a-1556ff42d036}</UniqueIdentifier>
    </Filter>
    <Filter Include="00_Engine\00-2_Graphics">
      <UniqueIdentifier>{a23fa5f7-7fd6-4cfe-8d53-c8b9f0d17b53}</UniqueIdentifier>
    </Filter>
    <Filter Include="01_Framework">
      <UniqueIdentifier>{1b269d7f-0295-4617-9c0e-1cf8ed5e52b0}</UniqueIdentifier>
    </Filter>
    <Filter Include="01_Framework\01-1_Common">
      <UniqueIdentifier>{6d238e21-a4ea-4c2c-b06a-40168897765a}</UniqueIdentifier>
    </Filter>
    <Filter Include="02_App">
      <UniqueIdentifier>{0018b8ab-874c-4b7d-b792-3655a293171f}</UniqueIdentifier>
    </Filter>
    <Filter Include="03_HLSL">
      <UniqueIdentifier>{316d835e-c6be-41e5-86e7-17c45cd1cd62}</UniqueIdentifier>
    </Filter>
    <Filter Include="04_External">
      <UniqueIdentifier>{c0578a09-2ea1-405d-8aff-139551c8d192}</UniqueIdentifier>
    </Filter>
    <Filter Include="04_External\ImGui">
      <UniqueIdentifier>{bca3d428-e11d-4e58-8c0e-d0d8ce746547}</UniqueIdentifier>
    </Filter>
    <Filter Include="99_Debug">
      <UniqueIdentifier>{b40c971e-101e-4ea4-bc5b-984f15af651b}</UniqueIdentifier>
    </Filter>
    <Filter Include="00_Engine\00-3_Resource">
      <UniqueIdentifier>{ed83b9b4-d220-4bb8-aaf9-044fc6065dd5}</UniqueIdentifier>
    </Filter>
    <Filter Include="01_Framework\01-2_Components">
      <UniqueIdentifier>{afed10f6-0809-43ff-ab2d-9666210c8cf3}</UniqueIdentifier>
    </Filter>
    <Filter Include="01_Framework\01-2_Components\Drawable">
      <UniqueIdentifier>{3334af44-d530-46be-bd67-f689e7a64f56}</UniqueIdentifier>
    </Filter>
    <Filter Include="02_App\02-1_Scenes">
      <UniqueIdentifier>{6b73aeb5-90dd-443b-b717-d051455775fa}</UniqueIdentifier>
    </Filter>
    <Filter Include="02_App\02-2_Objects">
      <UniqueIdentifier>{240e13a5-0f74-4882-9214-24a8cf71cc75}</UniqueIdentifier>
    </Filter>
    <Filter Include="00_Engine\00-3_Resource\Model">
      <UniqueIdentifier>{2f8f377a-0370-4944-ba5b-87464f62e2f7}</UniqueIdentifier>
    </Filter>
    <Filter Include="00_Engine\00-3_Resource\Shader">
      <UniqueIdentifier>{35ba1298-4479-43f1-b54a-7292bfe3ba89}</UniqueIdentifier>
    </Filter>
    <Filter Include="00_Engine\00-3_Resource\Texture">
      <UniqueIdentifier>{592118a8-79cc-4d3c-98ce-452887d795c0}</UniqueIdentifier>
    </Filter>
    <Filter Include="00_Engine\00-2_Graphics\Mesh">
      <UniqueIdentifier>{1318ff4e-78d6-4d90-9766-5111a055245b}</UniqueIdentifier>
    </Filter>
    <Filter Include="00_Engine\00-2_Graphics\DX11">
      <UniqueIdentifier>{f8e30804-6f19-4e1a-baf0-f66f0faec06d}</UniqueIdentifier>
    </Filter>
  </ItemGroup>
  <ItemGroup>
    <ClCompile Include="sources\00_Engine\00-1_Core\Application.cpp">
      <Filter>00_Engine\00-1_Core</Filter>
    </ClCompile>
    <ClCompile Include="sources\00_Engine\00-1_Core\Main.cpp">
      <Filter>00_Engine\00-1_Core</Filter>
    </ClCompile>
    <ClCompile Include="sources\00_Engine\00-1_Core\Manager.cpp">
      <Filter>00_Engine\00-1_Core</Filter>
    </ClCompile>
    <ClCompile Include="sources\00_Engine\00-1_Core\Systemtimer.cpp">
      <Filter>00_Engine\00-1_Core</Filter>
    </ClCompile>
    <ClCompile Include="sources\00_Engine\00-1_Core\SystemWindow.cpp">
      <Filter>00_Engine\00-1_Core</Filter>
    </ClCompile>
    <ClCompile Include="sources\01_Framework\01-1_Common\Input.cpp">
      <Filter>01_Framework\01-1_Common</Filter>
    </ClCompile>
    <ClCompile Include="sources\01_Framework\01-1_Common\Particle.cpp">
      <Filter>01_Framework\01-1_Common</Filter>
    </ClCompile>
    <ClCompile Include="sources\01_Framework\01-1_Common\Shadow.cpp">
      <Filter>01_Framework\01-1_Common</Filter>
    </ClCompile>
    <ClCompile Include="sources\01_Framework\01-1_Common\Sprite.cpp">
      <Filter>01_Framework\01-1_Common</Filter>
    </ClCompile>
    <ClCompile Include="sources\01_Framework\01-1_Common\WICTextureLoader11.cpp">
      <Filter>01_Framework\01-1_Common</Filter>
    </ClCompile>
    <ClCompile Include="sources\01_Framework\01-2_Components\Audio.cpp">
      <Filter>01_Framework\01-2_Components</Filter>
    </ClCompile>
    <ClCompile Include="sources\01_Framework\01-2_Components\Transform.cpp">
      <Filter>01_Framework\01-2_Components</Filter>
    </ClCompile>
    <ClCompile Include="sources\02_App\02-1_Scenes\Game.cpp">
      <Filter>02_App\02-1_Scenes</Filter>
    </ClCompile>
    <ClCompile Include="sources\02_App\02-1_Scenes\Result.cpp">
      <Filter>02_App\02-1_Scenes</Filter>
    </ClCompile>
    <ClCompile Include="sources\02_App\02-1_Scenes\Title.cpp">
      <Filter>02_App\02-1_Scenes</Filter>
    </ClCompile>
    <ClCompile Include="sources\02_App\02-2_Objects\Tree.cpp">
      <Filter>02_App\02-2_Objects</Filter>
    </ClCompile>
    <ClCompile Include="sources\02_App\02-2_Objects\Box.cpp">
      <Filter>02_App\02-2_Objects</Filter>
    </ClCompile>
    <ClCompile Include="sources\02_App\02-2_Objects\Bullet.cpp">
      <Filter>02_App\02-2_Objects</Filter>
    </ClCompile>
    <ClCompile Include="sources\02_App\02-2_Objects\Camera.cpp">
      <Filter>02_App\02-2_Objects</Filter>
    </ClCompile>
    <ClCompile Include="sources\02_App\02-2_Objects\Enemy.cpp">
      <Filter>02_App\02-2_Objects</Filter>
    </ClCompile>
    <ClCompile Include="sources\02_App\02-2_Objects\Explosion.cpp">
      <Filter>02_App\02-2_Objects</Filter>
    </ClCompile>
    <ClCompile Include="sources\02_App\02-2_Objects\Field.cpp">
      <Filter>02_App\02-2_Objects</Filter>
    </ClCompile>
    <ClCompile Include="sources\02_App\02-2_Objects\Glass.cpp">
      <Filter>02_App\02-2_Objects</Filter>
    </ClCompile>
    <ClCompile Include="sources\02_App\02-2_Objects\Player.cpp">
      <Filter>02_App\02-2_Objects</Filter>
    </ClCompile>
    <ClCompile Include="sources\02_App\02-2_Objects\Polygon2D.cpp">
      <Filter>02_App\02-2_Objects</Filter>
    </ClCompile>
    <ClCompile Include="sources\02_App\02-2_Objects\Score.cpp">
      <Filter>02_App\02-2_Objects</Filter>
    </ClCompile>
    <ClCompile Include="sources\02_App\02-2_Objects\Sky.cpp">
      <Filter>02_App\02-2_Objects</Filter>
    </ClCompile>
    <ClCompile Include="sources\04_External\include\ImGui\imgui.cpp">
      <Filter>04_External\ImGui</Filter>
    </ClCompile>
    <ClCompile Include="sources\04_External\include\ImGui\imgui_demo.cpp">
      <Filter>04_External\ImGui</Filter>
    </ClCompile>
    <ClCompile Include="sources\04_External\include\ImGui\imgui_draw.cpp">
      <Filter>04_External\ImGui</Filter>
    </ClCompile>
    <ClCompile Include="sources\04_External\include\ImGui\imgui_impl_dx11.cpp">
      <Filter>04_External\ImGui</Filter>
    </ClCompile>
    <ClCompile Include="sources\04_External\include\ImGui\imgui_impl_win32.cpp">
      <Filter>04_External\ImGui</Filter>
    </ClCompile>
    <ClCompile Include="sources\04_External\include\ImGui\imgui_tables.cpp">
      <Filter>04_External\ImGui</Filter>
    </ClCompile>
    <ClCompile Include="sources\04_External\include\ImGui\imgui_widgets.cpp">
      <Filter>04_External\ImGui</Filter>
    </ClCompile>
    <ClCompile Include="sources\99_Debug\DebugCollisiondraw.cpp">
      <Filter>99_Debug</Filter>
    </ClCompile>
    <ClCompile Include="sources\99_Debug\Debugger.cpp">
      <Filter>99_Debug</Filter>
    </ClCompile>
    <ClCompile Include="sources\99_Debug\DebugOstream.cpp">
      <Filter>99_Debug</Filter>
    </ClCompile>
    <ClCompile Include="sources\99_Debug\DebugText.cpp">
      <Filter>99_Debug</Filter>
    </ClCompile>
    <ClCompile Include="sources\Others\Animation.cpp">
      <Filter>未整理</Filter>
    </ClCompile>
    <ClCompile Include="sources\Others\Collision.cpp">
      <Filter>未整理</Filter>
    </ClCompile>
    <ClCompile Include="sources\Others\Cursor.cpp">
      <Filter>未整理</Filter>
    </ClCompile>
    <ClCompile Include="sources\Others\Easing.cpp">
      <Filter>未整理</Filter>
    </ClCompile>
    <ClCompile Include="sources\Others\Fade.cpp">
      <Filter>未整理</Filter>
    </ClCompile>
    <ClCompile Include="sources\Others\Keyboard.cpp">
      <Filter>未整理</Filter>
    </ClCompile>
    <ClCompile Include="sources\Others\KeyLogger.cpp">
      <Filter>未整理</Filter>
    </ClCompile>
    <ClCompile Include="sources\Others\Mouse.cpp">
      <Filter>未整理</Filter>
    </ClCompile>
    <ClCompile Include="sources\00_Engine\00-1_Core\Utility.cpp">
      <Filter>00_Engine\00-1_Core</Filter>
    </ClCompile>
    <ClCompile Include="sources\01_Framework\01-2_Components\ModelDrawable.cpp">
      <Filter>01_Framework\01-2_Components\Drawable</Filter>
    </ClCompile>
    <ClCompile Include="sources\00_Engine\00-3_Resource\AssimpLoader.cpp">
      <Filter>00_Engine\00-3_Resource\Model</Filter>
    </ClCompile>
    <ClCompile Include="sources\00_Engine\00-3_Resource\ModelManager.cpp">
      <Filter>00_Engine\00-3_Resource\Model</Filter>
    </ClCompile>
    <ClCompile Include="sources\00_Engine\00-3_Resource\ShaderManager.cpp">
      <Filter>00_Engine\00-3_Resource\Shader</Filter>
    </ClCompile>
    <ClCompile Include="sources\00_Engine\00-3_Resource\Texture.cpp">
      <Filter>00_Engine\00-3_Resource\Texture</Filter>
    </ClCompile>
    <ClCompile Include="sources\00_Engine\00-3_Resource\TextureManager.cpp">
      <Filter>00_Engine\00-3_Resource\Texture</Filter>
    </ClCompile>
    <ClCompile Include="sources\00_Engine\00-2_Graphics\Mesh.cpp">
      <Filter>00_Engine\00-2_Graphics\Mesh</Filter>
    </ClCompile>
    <ClCompile Include="sources\00_Engine\00-2_Graphics\MeshTypes.cpp">
      <Filter>00_Engine\00-2_Graphics\Mesh</Filter>
    </ClCompile>
    <ClCompile Include="sources\00_Engine\00-2_Graphics\ModelMesh.cpp">
      <Filter>00_Engine\00-2_Graphics\Mesh</Filter>
    </ClCompile>
    <ClCompile Include="sources\00_Engine\00-2_Graphics\BufferManager.cpp">
      <Filter>00_Engine\00-2_Graphics\DX11</Filter>
    </ClCompile>
    <ClCompile Include="sources\00_Engine\00-2_Graphics\DeviceManager.cpp">
      <Filter>00_Engine\00-2_Graphics\DX11</Filter>
    </ClCompile>
    <ClCompile Include="sources\00_Engine\00-2_Graphics\Renderer.cpp">
      <Filter>00_Engine\00-2_Graphics\DX11</Filter>
    </ClCompile>
  </ItemGroup>
  <ItemGroup>
    <ClInclude Include="sources\00_Engine\00-1_Core\Application.h">
      <Filter>00_Engine\00-1_Core</Filter>
    </ClInclude>
    <ClInclude Include="sources\00_Engine\00-1_Core\Config.h">
      <Filter>00_Engine\00-1_Core</Filter>
    </ClInclude>
    <ClInclude Include="sources\00_Engine\00-1_Core\Main.h">
      <Filter>00_Engine\00-1_Core</Filter>
    </ClInclude>
    <ClInclude Include="sources\00_Engine\00-1_Core\Manager.h">
      <Filter>00_Engine\00-1_Core</Filter>
    </ClInclude>
    <ClInclude Include="sources\00_Engine\00-1_Core\Systemtimer.h">
      <Filter>00_Engine\00-1_Core</Filter>
    </ClInclude>
    <ClInclude Include="sources\00_Engine\00-1_Core\SystemWindow.h">
      <Filter>00_Engine\00-1_Core</Filter>
    </ClInclude>
    <ClInclude Include="sources\00_Engine\00-1_Core\Docs.h">
      <Filter>00_Engine\00-1_Core</Filter>
    </ClInclude>
    <ClInclude Include="sources\01_Framework\01-1_Common\Collision3D.h">
      <Filter>01_Framework\01-1_Common</Filter>
    </ClInclude>
    <ClInclude Include="sources\01_Framework\01-1_Common\Input.h">
      <Filter>01_Framework\01-1_Common</Filter>
    </ClInclude>
    <ClInclude Include="sources\01_Framework\01-1_Common\Particle.h">
      <Filter>01_Framework\01-1_Common</Filter>
    </ClInclude>
    <ClInclude Include="sources\01_Framework\01-1_Common\Shadow.h">
      <Filter>01_Framework\01-1_Common</Filter>
    </ClInclude>
    <ClInclude Include="sources\01_Framework\01-1_Common\Sprite.h">
      <Filter>01_Framework\01-1_Common</Filter>
    </ClInclude>
    <ClInclude Include="sources\01_Framework\01-1_Common\Vector2.h">
      <Filter>01_Framework\01-1_Common</Filter>
    </ClInclude>
    <ClInclude Include="sources\01_Framework\01-1_Common\Vector3.h">
      <Filter>01_Framework\01-1_Common</Filter>
    </ClInclude>
    <ClInclude Include="sources\01_Framework\01-1_Common\WICTextureLoader11.h">
      <Filter>01_Framework\01-1_Common</Filter>
    </ClInclude>
    <ClInclude Include="sources\01_Framework\01-2_Components\Drawable.h">
      <Filter>01_Framework\01-2_Components\Drawable</Filter>
    </ClInclude>
    <ClInclude Include="sources\01_Framework\01-2_Components\SpriteDrawable.h">
      <Filter>01_Framework\01-2_Components\Drawable</Filter>
    </ClInclude>
    <ClInclude Include="sources\01_Framework\01-2_Components\BillboardDrawable.h">
      <Filter>01_Framework\01-2_Components\Drawable</Filter>
    </ClInclude>
    <ClInclude Include="sources\01_Framework\01-2_Components\Audio.h">
      <Filter>01_Framework\01-2_Components</Filter>
    </ClInclude>
    <ClInclude Include="sources\01_Framework\01-2_Components\Component.h">
      <Filter>01_Framework\01-2_Components</Filter>
    </ClInclude>
    <ClInclude Include="sources\01_Framework\01-2_Components\Transform.h">
      <Filter>01_Framework\01-2_Components</Filter>
    </ClInclude>
    <ClInclude Include="sources\02_App\02-1_Scenes\Game.h">
      <Filter>02_App\02-1_Scenes</Filter>
    </ClInclude>
    <ClInclude Include="sources\02_App\02-1_Scenes\Result.h">
      <Filter>02_App\02-1_Scenes</Filter>
    </ClInclude>
    <ClInclude Include="sources\02_App\02-1_Scenes\Scene.h">
      <Filter>02_App\02-1_Scenes</Filter>
    </ClInclude>
    <ClInclude Include="sources\02_App\02-1_Scenes\Title.h">
      <Filter>02_App\02-1_Scenes</Filter>
    </ClInclude>
    <ClInclude Include="sources\02_App\02-2_Objects\Sky.h">
      <Filter>02_App\02-2_Objects</Filter>
    </ClInclude>
    <ClInclude Include="sources\02_App\02-2_Objects\Tree.h">
      <Filter>02_App\02-2_Objects</Filter>
    </ClInclude>
    <ClInclude Include="sources\02_App\02-2_Objects\Box.h">
      <Filter>02_App\02-2_Objects</Filter>
    </ClInclude>
    <ClInclude Include="sources\02_App\02-2_Objects\Bullet.h">
      <Filter>02_App\02-2_Objects</Filter>
    </ClInclude>
    <ClInclude Include="sources\02_App\02-2_Objects\Camera.h">
      <Filter>02_App\02-2_Objects</Filter>
    </ClInclude>
    <ClInclude Include="sources\02_App\02-2_Objects\Enemy.h">
      <Filter>02_App\02-2_Objects</Filter>
    </ClInclude>
    <ClInclude Include="sources\02_App\02-2_Objects\Explosion.h">
      <Filter>02_App\02-2_Objects</Filter>
    </ClInclude>
    <ClInclude Include="sources\02_App\02-2_Objects\Field.h">
      <Filter>02_App\02-2_Objects</Filter>
    </ClInclude>
    <ClInclude Include="sources\02_App\02-2_Objects\GameObject.h">
      <Filter>02_App\02-2_Objects</Filter>
    </ClInclude>
    <ClInclude Include="sources\02_App\02-2_Objects\Glass.h">
      <Filter>02_App\02-2_Objects</Filter>
    </ClInclude>
    <ClInclude Include="sources\02_App\02-2_Objects\Player.h">
      <Filter>02_App\02-2_Objects</Filter>
    </ClInclude>
    <ClInclude Include="sources\02_App\02-2_Objects\Polygon2D.h">
      <Filter>02_App\02-2_Objects</Filter>
    </ClInclude>
    <ClInclude Include="sources\02_App\02-2_Objects\Score.h">
      <Filter>02_App\02-2_Objects</Filter>
    </ClInclude>
    <ClInclude Include="sources\04_External\include\ImGui\imconfig.h">
      <Filter>04_External\ImGui</Filter>
    </ClInclude>
    <ClInclude Include="sources\04_External\include\ImGui\imgui.h">
      <Filter>04_External\ImGui</Filter>
    </ClInclude>
    <ClInclude Include="sources\04_External\include\ImGui\imgui_impl_dx11.h">
      <Filter>04_External\ImGui</Filter>
    </ClInclude>
    <ClInclude Include="sources\04_External\include\ImGui\imgui_impl_win32.h">
      <Filter>04_External\ImGui</Filter>
    </ClInclude>
    <ClInclude Include="sources\04_External\include\ImGui\imgui_internal.h">
      <Filter>04_External\ImGui</Filter>
    </ClInclude>
    <ClInclude Include="sources\04_External\include\ImGui\imstb_rectpack.h">
      <Filter>04_External\ImGui</Filter>
    </ClInclude>
    <ClInclude Include="sources\04_External\include\ImGui\imstb_textedit.h">
      <Filter>04_External\ImGui</Filter>
    </ClInclude>
    <ClInclude Include="sources\04_External\include\ImGui\imstb_truetype.h">
      <Filter>04_External\ImGui</Filter>
    </ClInclude>
    <ClInclude Include="sources\99_Debug\DebugCollisiondraw.h">
      <Filter>99_Debug</Filter>
    </ClInclude>
    <ClInclude Include="sources\99_Debug\Debugger.h">
      <Filter>99_Debug</Filter>
    </ClInclude>
    <ClInclude Include="sources\99_Debug\DebugMemoryleak.h">
      <Filter>99_Debug</Filter>
    </ClInclude>
    <ClInclude Include="sources\99_Debug\DebugOstream.h">
      <Filter>99_Debug</Filter>
    </ClInclude>
    <ClInclude Include="sources\99_Debug\DebugText.h">
      <Filter>99_Debug</Filter>
    </ClInclude>
    <ClInclude Include="sources\Others\Animation.h">
      <Filter>未整理</Filter>
    </ClInclude>
    <ClInclude Include="sources\Others\Collision.h">
      <Filter>未整理</Filter>
    </ClInclude>
    <ClInclude Include="sources\Others\Cursor.h">
      <Filter>未整理</Filter>
    </ClInclude>
    <ClInclude Include="sources\Others\Easing.h">
      <Filter>未整理</Filter>
    </ClInclude>
    <ClInclude Include="sources\Others\Fade.h">
      <Filter>未整理</Filter>
    </ClInclude>
    <ClInclude Include="sources\Others\Keyboard.h">
      <Filter>未整理</Filter>
    </ClInclude>
    <ClInclude Include="sources\Others\KeyLogger.h">
      <Filter>未整理</Filter>
    </ClInclude>
    <ClInclude Include="sources\Others\Mouse.h">
      <Filter>未整理</Filter>
    </ClInclude>
    <ClInclude Include="sources\Others\Observer.h">
      <Filter>未整理</Filter>
    </ClInclude>
    <ClInclude Include="sources\Others\SpriteRenderer.h">
      <Filter>未整理</Filter>
    </ClInclude>
    <ClInclude Include="sources\Others\Subject.h">
      <Filter>未整理</Filter>
    </ClInclude>
    <ClInclude Include="sources\00_Engine\00-1_Core\Utility.h">
      <Filter>00_Engine\00-1_Core</Filter>
    </ClInclude>
    <ClInclude Include="sources\01_Framework\01-2_Components\ModelDrawable.h">
      <Filter>01_Framework\01-2_Components\Drawable</Filter>
    </ClInclude>
    <ClInclude Include="sources\00_Engine\00-3_Resource\AssimpLoader.h">
      <Filter>00_Engine\00-3_Resource\Model</Filter>
    </ClInclude>
    <ClInclude Include="sources\00_Engine\00-3_Resource\Model.h">
      <Filter>00_Engine\00-3_Resource\Model</Filter>
    </ClInclude>
    <ClInclude Include="sources\00_Engine\00-3_Resource\ModelManager.h">
      <Filter>00_Engine\00-3_Resource\Model</Filter>
    </ClInclude>
    <ClInclude Include="sources\00_Engine\00-3_Resource\Shader.h">
      <Filter>00_Engine\00-3_Resource\Shader</Filter>
    </ClInclude>
    <ClInclude Include="sources\00_Engine\00-3_Resource\ShaderManager.h">
      <Filter>00_Engine\00-3_Resource\Shader</Filter>
    </ClInclude>
    <ClInclude Include="sources\00_Engine\00-3_Resource\Texture.h">
      <Filter>00_Engine\00-3_Resource\Texture</Filter>
    </ClInclude>
    <ClInclude Include="sources\00_Engine\00-3_Resource\TextureManager.h">
      <Filter>00_Engine\00-3_Resource\Texture</Filter>
    </ClInclude>
    <ClInclude Include="sources\00_Engine\00-2_Graphics\Mesh.h">
      <Filter>00_Engine\00-2_Graphics\Mesh</Filter>
    </ClInclude>
    <ClInclude Include="sources\00_Engine\00-2_Graphics\MeshTypes.h">
      <Filter>00_Engine\00-2_Graphics\Mesh</Filter>
    </ClInclude>
    <ClInclude Include="sources\00_Engine\00-2_Graphics\ModelMesh.h">
      <Filter>00_Engine\00-2_Graphics\Mesh</Filter>
    </ClInclude>
    <ClInclude Include="sources\00_Engine\00-2_Graphics\BufferManager.h">
      <Filter>00_Engine\00-2_Graphics\DX11</Filter>
    </ClInclude>
    <ClInclude Include="sources\00_Engine\00-2_Graphics\DeviceManager.h">
      <Filter>00_Engine\00-2_Graphics\DX11</Filter>
    </ClInclude>
    <ClInclude Include="sources\00_Engine\00-2_Graphics\DirectX11Config.h">
      <Filter>00_Engine\00-2_Graphics\DX11</Filter>
    </ClInclude>
    <ClInclude Include="sources\00_Engine\00-2_Graphics\GraphicsTypes.h">
      <Filter>00_Engine\00-2_Graphics\DX11</Filter>
    </ClInclude>
    <ClInclude Include="sources\00_Engine\00-2_Graphics\Renderer.h">
      <Filter>00_Engine\00-2_Graphics\DX11</Filter>
    </ClInclude>
  </ItemGroup>
  <ItemGroup>
    <FxCompile Include="sources\03_HLSL\common.hlsl">
      <Filter>03_HLSL</Filter>
    </FxCompile>
    <FxCompile Include="sources\03_HLSL\unlitTexturePS.hlsl">
      <Filter>03_HLSL</Filter>
    </FxCompile>
    <FxCompile Include="sources\03_HLSL\unlitTextureVS.hlsl">
      <Filter>03_HLSL</Filter>
    </FxCompile>
  </ItemGroup>
  <ItemGroup>
    <None Include="sources\04_External\include\ImGui\imgui.ini">
      <Filter>04_External\ImGui</Filter>
    </None>
  </ItemGroup>
</Project>